
Microsoft Visual Studio Solution File, Format Version 12.00
# Visual Studio Version 17
VisualStudioVersion = 17.4.33110.190
MinimumVisualStudioVersion = 10.0.40219.1
Project("{9A19103F-16F7-4668-BE54-9A1E7A4F7556}") = "HW1Module2.Logger", "HW_1_Module_2\HW1Module2.Logger.csproj", "{CA58389B-4695-4D54-934D-EBE75EC6E66B}"
EndProject
Project("{9A19103F-16F7-4668-BE54-9A1E7A4F7556}") = "HW2Module2.GadgetStore", "..\HW_2_Module_2\HW2Module2.GadgetStore.csproj", "{64A2ADA4-AED3-4A87-AD91-416BF5D48EE1}"
EndProject
Project("{9A19103F-16F7-4668-BE54-9A1E7A4F7556}") = "HW3Module2.Salads", "..\HW3Module2.Salads\HW3Module2.Salads.csproj", "{9FA72FA9-4636-485C-A236-071E64418227}"
EndProject
Project("{FAE04EC0-301F-11D3-BF4B-00C04F79EFBC}") = "HW4Module2.TODO.List", "..\..\..\..\A-Level_OOP_2_Module\A-Level_OOP_2_Module\HW4Module2.TODO.List\HW4Module2.TODO.List.csproj", "{D1E0C86E-43EA-4685-8C93-1CDF8C50BB57}"
EndProject
Global
	GlobalSection(SolutionConfigurationPlatforms) = preSolution
		Debug|Any CPU = Debug|Any CPU
		Release|Any CPU = Release|Any CPU
	EndGlobalSection
	GlobalSection(ProjectConfigurationPlatforms) = postSolution
		{CA58389B-4695-4D54-934D-EBE75EC6E66B}.Debug|Any CPU.ActiveCfg = Debug|Any CPU
		{CA58389B-4695-4D54-934D-EBE75EC6E66B}.Debug|Any CPU.Build.0 = Debug|Any CPU
		{CA58389B-4695-4D54-934D-EBE75EC6E66B}.Release|Any CPU.ActiveCfg = Release|Any CPU
		{CA58389B-4695-4D54-934D-EBE75EC6E66B}.Release|Any CPU.Build.0 = Release|Any CPU
		{64A2ADA4-AED3-4A87-AD91-416BF5D48EE1}.Debug|Any CPU.ActiveCfg = Debug|Any CPU
		{64A2ADA4-AED3-4A87-AD91-416BF5D48EE1}.Debug|Any CPU.Build.0 = Debug|Any CPU
		{64A2ADA4-AED3-4A87-AD91-416BF5D48EE1}.Release|Any CPU.ActiveCfg = Release|Any CPU
		{64A2ADA4-AED3-4A87-AD91-416BF5D48EE1}.Release|Any CPU.Build.0 = Release|Any CPU
		{9FA72FA9-4636-485C-A236-071E64418227}.Debug|Any CPU.ActiveCfg = Debug|Any CPU
		{9FA72FA9-4636-485C-A236-071E64418227}.Debug|Any CPU.Build.0 = Debug|Any CPU
		{9FA72FA9-4636-485C-A236-071E64418227}.Release|Any CPU.ActiveCfg = Release|Any CPU
		{9FA72FA9-4636-485C-A236-071E64418227}.Release|Any CPU.Build.0 = Release|Any CPU
		{D1E0C86E-43EA-4685-8C93-1CDF8C50BB57}.Debug|Any CPU.ActiveCfg = Debug|Any CPU
		{D1E0C86E-43EA-4685-8C93-1CDF8C50BB57}.Debug|Any CPU.Build.0 = Debug|Any CPU
		{D1E0C86E-43EA-4685-8C93-1CDF8C50BB57}.Release|Any CPU.ActiveCfg = Release|Any CPU
		{D1E0C86E-43EA-4685-8C93-1CDF8C50BB57}.Release|Any CPU.Build.0 = Release|Any CPU
	EndGlobalSection
	GlobalSection(SolutionProperties) = preSolution
		HideSolutionNode = FALSE
	EndGlobalSection
	GlobalSection(ExtensibilityGlobals) = postSolution
		SolutionGuid = {A54A1B45-F72F-42ED-9F28-5E4348CF3939}
	EndGlobalSection
EndGlobal
